# THIS IS AN AUTOGENERATED FILE. DO NOT EDIT THIS FILE DIRECTLY.
# yarn lockfile v1


css.gg@^2.0.0:
  version "2.0.0"
  resolved "https://registry.yarnpkg.com/css.gg/-/css.gg-2.0.0.tgz#1ba891092ceac58a2550540171c2d469a86b27b2"
  integrity sha512-8qO59kSXLbewo7xaUM4eC8328MTdGmb8atpmw6PRzeDGsZrCkAVjJzKeFDIntagl1/aCee+NG1OQtIvWAjgG/A==
